
Microsoft Visual Studio Solution File, Format Version 10.00
# Visual C# Express 2008
Project("{FAE04EC0-301F-11D3-BF4B-00C04F79EFBC}") = "ConcordanceConverter", "ConcordanceConverter\ConcordanceConverter.csproj", "{CEEBE56A-A5C1-4A11-8324-D3C493230279}"
EndProject
Global
	GlobalSection(SolutionConfigurationPlatforms) = preSolution
		Debug|Any CPU = Debug|Any CPU
		Release|Any CPU = Release|Any CPU
	EndGlobalSection
	GlobalSection(ProjectConfigurationPlatforms) = postSolution
		{CEEBE56A-A5C1-4A11-8324-D3C493230279}.Debug|Any CPU.ActiveCfg = Debug|Any CPU
		{CEEBE56A-A5C1-4A11-8324-D3C493230279}.Debug|Any CPU.Build.0 = Debug|Any CPU
		{CEEBE56A-A5C1-4A11-8324-D3C493230279}.Release|Any CPU.ActiveCfg = Release|Any CPU
		{CEEBE56A-A5C1-4A11-8324-D3C493230279}.Release|Any CPU.Build.0 = Release|Any CPU
	EndGlobalSection
	GlobalSection(SolutionProperties) = preSolution
		HideSolutionNode = FALSE
	EndGlobalSection
EndGlobal
